
Microsoft Visual Studio Solution File, Format Version 12.00
# Visual Studio Version 17
VisualStudioVersion = 17.5.33516.290
MinimumVisualStudioVersion = 17.5.33516.290
Project("{2150E333-8FDC-42A3-9474-1A3956D46DE8}") = "src", "src", "{1AFD2F40-4DF0-40FC-BE14-B5B939E36A1D}"
EndProject
Project("{FAE04EC0-301F-11D3-BF4B-00C04F79EFBC}") = "WebAuthn.Net", "src\WebAuthn.Net\WebAuthn.Net.csproj", "{E213A9D0-0AF5-49A5-8649-57CD57BA2DD2}"
EndProject
Project("{2150E333-8FDC-42A3-9474-1A3956D46DE8}") = "tests", "tests", "{DE313B26-6B26-46F0-BAE0-9AEA1786B9C9}"
EndProject
Project("{FAE04EC0-301F-11D3-BF4B-00C04F79EFBC}") = "WebAuthn.Net.Tests.Unit", "tests\WebAuthn.Net.Tests.Unit\WebAuthn.Net.Tests.Unit.csproj", "{0B891DAE-3A95-4F2B-A59C-B2EAC0B6182C}"
EndProject
Project("{2150E333-8FDC-42A3-9474-1A3956D46DE8}") = "root", "root", "{19131E38-A34B-4D5C-A917-34BDDEA3805D}"
	ProjectSection(SolutionItems) = preProject
		README.md = README.md
		global.json = global.json
		.editorconfig = .editorconfig
		.gitignore = .gitignore
		.gitattributes = .gitattributes
		Directory.Build.props = Directory.Build.props
	EndProjectSection
EndProject
Project("{FAE04EC0-301F-11D3-BF4B-00C04F79EFBC}") = "WebAuthn.Net.Storage.MySql", "src\WebAuthn.Net.Storage.MySql\WebAuthn.Net.Storage.MySql.csproj", "{2CF68B25-DDEC-48E8-AA51-6B61EBF81A9C}"
EndProject
Project("{FAE04EC0-301F-11D3-BF4B-00C04F79EFBC}") = "WebAuthn.Net.Storage.MySql.Migrations", "src\WebAuthn.Net.Storage.MySql.Migrations\WebAuthn.Net.Storage.MySql.Migrations.csproj", "{AF20A6D6-CB50-4003-97E3-0F08FFCE30BF}"
EndProject
Project("{2150E333-8FDC-42A3-9474-1A3956D46DE8}") = ".config", ".config", "{F50CB250-99ED-46D7-9325-6B21E7962DBB}"
	ProjectSection(SolutionItems) = preProject
		.config\dotnet-tools.json = .config\dotnet-tools.json
	EndProjectSection
EndProject
Project("{FAE04EC0-301F-11D3-BF4B-00C04F79EFBC}") = "WebAuthn.Net.Storage.Shared", "src\WebAuthn.Net.Storage.Shared\WebAuthn.Net.Storage.Shared.csproj", "{0C2FCFC7-D59B-406D-B158-B1B55F590A65}"
EndProject
Project("{FAE04EC0-301F-11D3-BF4B-00C04F79EFBC}") = "WebAuthn.Net.Storage.SqlServer", "src\WebAuthn.Net.Storage.SqlServer\WebAuthn.Net.Storage.SqlServer.csproj", "{0A2A9B04-1EDD-414E-B332-DCBBB0B2BA85}"
EndProject
Project("{FAE04EC0-301F-11D3-BF4B-00C04F79EFBC}") = "WebAuthn.Net.Storage.PostgreSQL", "src\WebAuthn.Net.Storage.PostgreSQL\WebAuthn.Net.Storage.PostgreSQL.csproj", "{47D80C70-134C-44AE-AA7B-3AA6EC5D8C75}"
EndProject
Global
	GlobalSection(SolutionConfigurationPlatforms) = preSolution
		Debug|Any CPU = Debug|Any CPU
		Release|Any CPU = Release|Any CPU
	EndGlobalSection
	GlobalSection(SolutionProperties) = preSolution
		HideSolutionNode = FALSE
	EndGlobalSection
	GlobalSection(ProjectConfigurationPlatforms) = postSolution
		{E213A9D0-0AF5-49A5-8649-57CD57BA2DD2}.Debug|Any CPU.ActiveCfg = Debug|Any CPU
		{E213A9D0-0AF5-49A5-8649-57CD57BA2DD2}.Debug|Any CPU.Build.0 = Debug|Any CPU
		{E213A9D0-0AF5-49A5-8649-57CD57BA2DD2}.Release|Any CPU.ActiveCfg = Release|Any CPU
		{E213A9D0-0AF5-49A5-8649-57CD57BA2DD2}.Release|Any CPU.Build.0 = Release|Any CPU
		{0B891DAE-3A95-4F2B-A59C-B2EAC0B6182C}.Debug|Any CPU.ActiveCfg = Debug|Any CPU
		{0B891DAE-3A95-4F2B-A59C-B2EAC0B6182C}.Debug|Any CPU.Build.0 = Debug|Any CPU
		{0B891DAE-3A95-4F2B-A59C-B2EAC0B6182C}.Release|Any CPU.ActiveCfg = Release|Any CPU
		{0B891DAE-3A95-4F2B-A59C-B2EAC0B6182C}.Release|Any CPU.Build.0 = Release|Any CPU
		{2CF68B25-DDEC-48E8-AA51-6B61EBF81A9C}.Debug|Any CPU.ActiveCfg = Debug|Any CPU
		{2CF68B25-DDEC-48E8-AA51-6B61EBF81A9C}.Debug|Any CPU.Build.0 = Debug|Any CPU
		{2CF68B25-DDEC-48E8-AA51-6B61EBF81A9C}.Release|Any CPU.ActiveCfg = Release|Any CPU
		{2CF68B25-DDEC-48E8-AA51-6B61EBF81A9C}.Release|Any CPU.Build.0 = Release|Any CPU
		{AF20A6D6-CB50-4003-97E3-0F08FFCE30BF}.Debug|Any CPU.ActiveCfg = Debug|Any CPU
		{AF20A6D6-CB50-4003-97E3-0F08FFCE30BF}.Debug|Any CPU.Build.0 = Debug|Any CPU
		{AF20A6D6-CB50-4003-97E3-0F08FFCE30BF}.Release|Any CPU.ActiveCfg = Release|Any CPU
		{AF20A6D6-CB50-4003-97E3-0F08FFCE30BF}.Release|Any CPU.Build.0 = Release|Any CPU
		{0C2FCFC7-D59B-406D-B158-B1B55F590A65}.Debug|Any CPU.ActiveCfg = Debug|Any CPU
		{0C2FCFC7-D59B-406D-B158-B1B55F590A65}.Debug|Any CPU.Build.0 = Debug|Any CPU
		{0C2FCFC7-D59B-406D-B158-B1B55F590A65}.Release|Any CPU.ActiveCfg = Release|Any CPU
		{0C2FCFC7-D59B-406D-B158-B1B55F590A65}.Release|Any CPU.Build.0 = Release|Any CPU
		{0A2A9B04-1EDD-414E-B332-DCBBB0B2BA85}.Debug|Any CPU.ActiveCfg = Debug|Any CPU
		{0A2A9B04-1EDD-414E-B332-DCBBB0B2BA85}.Debug|Any CPU.Build.0 = Debug|Any CPU
		{0A2A9B04-1EDD-414E-B332-DCBBB0B2BA85}.Release|Any CPU.ActiveCfg = Release|Any CPU
		{0A2A9B04-1EDD-414E-B332-DCBBB0B2BA85}.Release|Any CPU.Build.0 = Release|Any CPU
		{47D80C70-134C-44AE-AA7B-3AA6EC5D8C75}.Debug|Any CPU.ActiveCfg = Debug|Any CPU
		{47D80C70-134C-44AE-AA7B-3AA6EC5D8C75}.Debug|Any CPU.Build.0 = Debug|Any CPU
		{47D80C70-134C-44AE-AA7B-3AA6EC5D8C75}.Release|Any CPU.ActiveCfg = Release|Any CPU
		{47D80C70-134C-44AE-AA7B-3AA6EC5D8C75}.Release|Any CPU.Build.0 = Release|Any CPU
	EndGlobalSection
	GlobalSection(NestedProjects) = preSolution
		{E213A9D0-0AF5-49A5-8649-57CD57BA2DD2} = {1AFD2F40-4DF0-40FC-BE14-B5B939E36A1D}
		{0B891DAE-3A95-4F2B-A59C-B2EAC0B6182C} = {DE313B26-6B26-46F0-BAE0-9AEA1786B9C9}
		{1AFD2F40-4DF0-40FC-BE14-B5B939E36A1D} = {19131E38-A34B-4D5C-A917-34BDDEA3805D}
		{DE313B26-6B26-46F0-BAE0-9AEA1786B9C9} = {19131E38-A34B-4D5C-A917-34BDDEA3805D}
		{2CF68B25-DDEC-48E8-AA51-6B61EBF81A9C} = {1AFD2F40-4DF0-40FC-BE14-B5B939E36A1D}
		{AF20A6D6-CB50-4003-97E3-0F08FFCE30BF} = {1AFD2F40-4DF0-40FC-BE14-B5B939E36A1D}
		{F50CB250-99ED-46D7-9325-6B21E7962DBB} = {19131E38-A34B-4D5C-A917-34BDDEA3805D}
		{0C2FCFC7-D59B-406D-B158-B1B55F590A65} = {1AFD2F40-4DF0-40FC-BE14-B5B939E36A1D}
		{0A2A9B04-1EDD-414E-B332-DCBBB0B2BA85} = {1AFD2F40-4DF0-40FC-BE14-B5B939E36A1D}
		{47D80C70-134C-44AE-AA7B-3AA6EC5D8C75} = {1AFD2F40-4DF0-40FC-BE14-B5B939E36A1D}
	EndGlobalSection
EndGlobal
