
Microsoft Visual Studio Solution File, Format Version 12.00
# Visual Studio Version 17
VisualStudioVersion = 17.5.33516.290
MinimumVisualStudioVersion = 17.5.33516.290
Project("{2150E333-8FDC-42A3-9474-1A3956D46DE8}") = "src", "src", "{1AFD2F40-4DF0-40FC-BE14-B5B939E36A1D}"
EndProject
Project("{FAE04EC0-301F-11D3-BF4B-00C04F79EFBC}") = "WebAuthn.Net", "src\WebAuthn.Net\WebAuthn.Net.csproj", "{E213A9D0-0AF5-49A5-8649-57CD57BA2DD2}"
EndProject
Project("{2150E333-8FDC-42A3-9474-1A3956D46DE8}") = "tests", "tests", "{DE313B26-6B26-46F0-BAE0-9AEA1786B9C9}"
EndProject
Project("{FAE04EC0-301F-11D3-BF4B-00C04F79EFBC}") = "WebAuthn.Net.Tests.Unit", "tests\WebAuthn.Net.Tests.Unit\WebAuthn.Net.Tests.Unit.csproj", "{0B891DAE-3A95-4F2B-A59C-B2EAC0B6182C}"
EndProject
Project("{2150E333-8FDC-42A3-9474-1A3956D46DE8}") = "root", "root", "{19131E38-A34B-4D5C-A917-34BDDEA3805D}"
	ProjectSection(SolutionItems) = preProject
		README.md = README.md
		global.json = global.json
		.editorconfig = .editorconfig
		.gitignore = .gitignore
		.gitattributes = .gitattributes
		Directory.Build.props = Directory.Build.props
		NOTICE.md = NOTICE.md
	EndProjectSection
EndProject
Project("{FAE04EC0-301F-11D3-BF4B-00C04F79EFBC}") = "WebAuthn.Net.Storage.MySql", "src\WebAuthn.Net.Storage.MySql\WebAuthn.Net.Storage.MySql.csproj", "{2CF68B25-DDEC-48E8-AA51-6B61EBF81A9C}"
EndProject
Project("{2150E333-8FDC-42A3-9474-1A3956D46DE8}") = ".config", ".config", "{F50CB250-99ED-46D7-9325-6B21E7962DBB}"
	ProjectSection(SolutionItems) = preProject
		.config\dotnet-tools.json = .config\dotnet-tools.json
	EndProjectSection
EndProject
Project("{FAE04EC0-301F-11D3-BF4B-00C04F79EFBC}") = "WebAuthn.Net.Storage.SqlServer", "src\WebAuthn.Net.Storage.SqlServer\WebAuthn.Net.Storage.SqlServer.csproj", "{0A2A9B04-1EDD-414E-B332-DCBBB0B2BA85}"
EndProject
Project("{FAE04EC0-301F-11D3-BF4B-00C04F79EFBC}") = "WebAuthn.Net.Storage.PostgreSql", "src\WebAuthn.Net.Storage.PostgreSql\WebAuthn.Net.Storage.PostgreSql.csproj", "{9955D903-6881-4285-83EC-EFFD7C5F286D}"
EndProject
Project("{FAE04EC0-301F-11D3-BF4B-00C04F79EFBC}") = "WebAuthn.Net.Storage.InMemory", "src\WebAuthn.Net.Storage.InMemory\WebAuthn.Net.Storage.InMemory.csproj", "{54D47620-A898-4677-8C2B-AAB43D9D1E2C}"
EndProject
Project("{2150E333-8FDC-42A3-9474-1A3956D46DE8}") = ".github", ".github", "{0077F420-64BE-4333-8FE0-FA77FE09A4AD}"
EndProject
Project("{2150E333-8FDC-42A3-9474-1A3956D46DE8}") = "workflows", "workflows", "{6762B944-896F-44DE-980A-DB5BFFB0A0AB}"
	ProjectSection(SolutionItems) = preProject
		.github\workflows\CI.yml = .github\workflows\CI.yml
		.github\workflows\Release.yml = .github\workflows\Release.yml
	EndProjectSection
EndProject
Project("{FAE04EC0-301F-11D3-BF4B-00C04F79EFBC}") = "WebAuthn.Net.OpenTelemetry", "src\WebAuthn.Net.OpenTelemetry\WebAuthn.Net.OpenTelemetry.csproj", "{6E9A5307-ABF4-47B0-A309-28AAB6256018}"
EndProject
Project("{2150E333-8FDC-42A3-9474-1A3956D46DE8}") = "demo", "demo", "{966CCA38-9182-47A0-B298-C0426D60915F}"
EndProject
Project("{FAE04EC0-301F-11D3-BF4B-00C04F79EFBC}") = "WebAuthn.Net.Demo.Mvc", "demo\WebAuthn.Net.Demo.Mvc\WebAuthn.Net.Demo.Mvc.csproj", "{EE0B96FD-8471-46CE-A374-A3576FDB8B35}"
EndProject
Project("{FAE04EC0-301F-11D3-BF4B-00C04F79EFBC}") = "WebAuthn.Net.Demo.FidoConformance", "demo\WebAuthn.Net.Demo.FidoConformance\WebAuthn.Net.Demo.FidoConformance.csproj", "{6E061405-1D0B-4900-936F-3C143F29E35F}"
EndProject
Global
	GlobalSection(SolutionConfigurationPlatforms) = preSolution
		Debug|Any CPU = Debug|Any CPU
		Release|Any CPU = Release|Any CPU
	EndGlobalSection
	GlobalSection(SolutionProperties) = preSolution
		HideSolutionNode = FALSE
	EndGlobalSection
	GlobalSection(ProjectConfigurationPlatforms) = postSolution
		{E213A9D0-0AF5-49A5-8649-57CD57BA2DD2}.Debug|Any CPU.ActiveCfg = Debug|Any CPU
		{E213A9D0-0AF5-49A5-8649-57CD57BA2DD2}.Debug|Any CPU.Build.0 = Debug|Any CPU
		{E213A9D0-0AF5-49A5-8649-57CD57BA2DD2}.Release|Any CPU.ActiveCfg = Release|Any CPU
		{E213A9D0-0AF5-49A5-8649-57CD57BA2DD2}.Release|Any CPU.Build.0 = Release|Any CPU
		{0B891DAE-3A95-4F2B-A59C-B2EAC0B6182C}.Debug|Any CPU.ActiveCfg = Debug|Any CPU
		{0B891DAE-3A95-4F2B-A59C-B2EAC0B6182C}.Debug|Any CPU.Build.0 = Debug|Any CPU
		{0B891DAE-3A95-4F2B-A59C-B2EAC0B6182C}.Release|Any CPU.ActiveCfg = Release|Any CPU
		{0B891DAE-3A95-4F2B-A59C-B2EAC0B6182C}.Release|Any CPU.Build.0 = Release|Any CPU
		{2CF68B25-DDEC-48E8-AA51-6B61EBF81A9C}.Debug|Any CPU.ActiveCfg = Debug|Any CPU
		{2CF68B25-DDEC-48E8-AA51-6B61EBF81A9C}.Debug|Any CPU.Build.0 = Debug|Any CPU
		{2CF68B25-DDEC-48E8-AA51-6B61EBF81A9C}.Release|Any CPU.ActiveCfg = Release|Any CPU
		{2CF68B25-DDEC-48E8-AA51-6B61EBF81A9C}.Release|Any CPU.Build.0 = Release|Any CPU
		{0A2A9B04-1EDD-414E-B332-DCBBB0B2BA85}.Debug|Any CPU.ActiveCfg = Debug|Any CPU
		{0A2A9B04-1EDD-414E-B332-DCBBB0B2BA85}.Debug|Any CPU.Build.0 = Debug|Any CPU
		{0A2A9B04-1EDD-414E-B332-DCBBB0B2BA85}.Release|Any CPU.ActiveCfg = Release|Any CPU
		{0A2A9B04-1EDD-414E-B332-DCBBB0B2BA85}.Release|Any CPU.Build.0 = Release|Any CPU
		{9955D903-6881-4285-83EC-EFFD7C5F286D}.Debug|Any CPU.ActiveCfg = Debug|Any CPU
		{9955D903-6881-4285-83EC-EFFD7C5F286D}.Debug|Any CPU.Build.0 = Debug|Any CPU
		{9955D903-6881-4285-83EC-EFFD7C5F286D}.Release|Any CPU.ActiveCfg = Release|Any CPU
		{9955D903-6881-4285-83EC-EFFD7C5F286D}.Release|Any CPU.Build.0 = Release|Any CPU
		{54D47620-A898-4677-8C2B-AAB43D9D1E2C}.Debug|Any CPU.ActiveCfg = Debug|Any CPU
		{54D47620-A898-4677-8C2B-AAB43D9D1E2C}.Debug|Any CPU.Build.0 = Debug|Any CPU
		{54D47620-A898-4677-8C2B-AAB43D9D1E2C}.Release|Any CPU.ActiveCfg = Release|Any CPU
		{54D47620-A898-4677-8C2B-AAB43D9D1E2C}.Release|Any CPU.Build.0 = Release|Any CPU
		{6E9A5307-ABF4-47B0-A309-28AAB6256018}.Debug|Any CPU.ActiveCfg = Debug|Any CPU
		{6E9A5307-ABF4-47B0-A309-28AAB6256018}.Debug|Any CPU.Build.0 = Debug|Any CPU
		{6E9A5307-ABF4-47B0-A309-28AAB6256018}.Release|Any CPU.ActiveCfg = Release|Any CPU
		{6E9A5307-ABF4-47B0-A309-28AAB6256018}.Release|Any CPU.Build.0 = Release|Any CPU
		{EE0B96FD-8471-46CE-A374-A3576FDB8B35}.Debug|Any CPU.ActiveCfg = Debug|Any CPU
		{EE0B96FD-8471-46CE-A374-A3576FDB8B35}.Debug|Any CPU.Build.0 = Debug|Any CPU
		{EE0B96FD-8471-46CE-A374-A3576FDB8B35}.Release|Any CPU.ActiveCfg = Release|Any CPU
		{EE0B96FD-8471-46CE-A374-A3576FDB8B35}.Release|Any CPU.Build.0 = Release|Any CPU
		{6E061405-1D0B-4900-936F-3C143F29E35F}.Debug|Any CPU.ActiveCfg = Debug|Any CPU
		{6E061405-1D0B-4900-936F-3C143F29E35F}.Debug|Any CPU.Build.0 = Debug|Any CPU
		{6E061405-1D0B-4900-936F-3C143F29E35F}.Release|Any CPU.ActiveCfg = Release|Any CPU
		{6E061405-1D0B-4900-936F-3C143F29E35F}.Release|Any CPU.Build.0 = Release|Any CPU
	EndGlobalSection
	GlobalSection(NestedProjects) = preSolution
		{E213A9D0-0AF5-49A5-8649-57CD57BA2DD2} = {1AFD2F40-4DF0-40FC-BE14-B5B939E36A1D}
		{0B891DAE-3A95-4F2B-A59C-B2EAC0B6182C} = {DE313B26-6B26-46F0-BAE0-9AEA1786B9C9}
		{1AFD2F40-4DF0-40FC-BE14-B5B939E36A1D} = {19131E38-A34B-4D5C-A917-34BDDEA3805D}
		{DE313B26-6B26-46F0-BAE0-9AEA1786B9C9} = {19131E38-A34B-4D5C-A917-34BDDEA3805D}
		{2CF68B25-DDEC-48E8-AA51-6B61EBF81A9C} = {1AFD2F40-4DF0-40FC-BE14-B5B939E36A1D}
		{F50CB250-99ED-46D7-9325-6B21E7962DBB} = {19131E38-A34B-4D5C-A917-34BDDEA3805D}
		{0A2A9B04-1EDD-414E-B332-DCBBB0B2BA85} = {1AFD2F40-4DF0-40FC-BE14-B5B939E36A1D}
		{9955D903-6881-4285-83EC-EFFD7C5F286D} = {1AFD2F40-4DF0-40FC-BE14-B5B939E36A1D}
		{54D47620-A898-4677-8C2B-AAB43D9D1E2C} = {1AFD2F40-4DF0-40FC-BE14-B5B939E36A1D}
		{0077F420-64BE-4333-8FE0-FA77FE09A4AD} = {19131E38-A34B-4D5C-A917-34BDDEA3805D}
		{6762B944-896F-44DE-980A-DB5BFFB0A0AB} = {0077F420-64BE-4333-8FE0-FA77FE09A4AD}
		{6E9A5307-ABF4-47B0-A309-28AAB6256018} = {1AFD2F40-4DF0-40FC-BE14-B5B939E36A1D}
		{966CCA38-9182-47A0-B298-C0426D60915F} = {19131E38-A34B-4D5C-A917-34BDDEA3805D}
		{EE0B96FD-8471-46CE-A374-A3576FDB8B35} = {966CCA38-9182-47A0-B298-C0426D60915F}
		{6E061405-1D0B-4900-936F-3C143F29E35F} = {966CCA38-9182-47A0-B298-C0426D60915F}
	EndGlobalSection
EndGlobal
